
Microsoft Visual Studio Solution File, Format Version 12.00
# Visual Studio Version 16
VisualStudioVersion = 16.0.29613.14
MinimumVisualStudioVersion = 10.0.40219.1
Project("{FAE04EC0-301F-11D3-BF4B-00C04F79EFBC}") = "Rock Paper Scissors", "Rock Paper Scissors\Rock Paper Scissors.csproj", "{38520882-FA0A-4603-A0D7-19D7E5B00EFC}"
EndProject
Global
	GlobalSection(SolutionConfigurationPlatforms) = preSolution
		Debug|Any CPU = Debug|Any CPU
		Release|Any CPU = Release|Any CPU
	EndGlobalSection
	GlobalSection(ProjectConfigurationPlatforms) = postSolution
		{38520882-FA0A-4603-A0D7-19D7E5B00EFC}.Debug|Any CPU.ActiveCfg = Debug|Any CPU
		{38520882-FA0A-4603-A0D7-19D7E5B00EFC}.Debug|Any CPU.Build.0 = Debug|Any CPU
		{38520882-FA0A-4603-A0D7-19D7E5B00EFC}.Release|Any CPU.ActiveCfg = Release|Any CPU
		{38520882-FA0A-4603-A0D7-19D7E5B00EFC}.Release|Any CPU.Build.0 = Release|Any CPU
	EndGlobalSection
	GlobalSection(SolutionProperties) = preSolution
		HideSolutionNode = FALSE
	EndGlobalSection
	GlobalSection(ExtensibilityGlobals) = postSolution
		SolutionGuid = {D328CB63-FFAE-4A73-866E-6BAC39A6FF21}
	EndGlobalSection
EndGlobal
